
Microsoft Visual Studio Solution File, Format Version 12.00
# Visual Studio Version 17
VisualStudioVersion = 17.13.35825.156 d17.13
MinimumVisualStudioVersion = 10.0.40219.1
Project("{FAE04EC0-301F-11D3-BF4B-00C04F79EFBC}") = "Server", "Server\Server.csproj", "{D3D1BCA2-7C0F-4706-96A9-82F425EC8E18}"
EndProject
Project("{FAE04EC0-301F-11D3-BF4B-00C04F79EFBC}") = "Clients", "Clients\Clients.csproj", "{35DDF4FA-16A8-4A04-B913-5436ACEC4ED4}"
EndProject
Project("{FAE04EC0-301F-11D3-BF4B-00C04F79EFBC}") = "SharedModels", "SharedModels\SharedModels.csproj", "{D3687377-79D8-4B0C-9ACC-8FA490C04147}"
EndProject
Global
	GlobalSection(SolutionConfigurationPlatforms) = preSolution
		Debug|Any CPU = Debug|Any CPU
		Release|Any CPU = Release|Any CPU
	EndGlobalSection
	GlobalSection(ProjectConfigurationPlatforms) = postSolution
		{D3D1BCA2-7C0F-4706-96A9-82F425EC8E18}.Debug|Any CPU.ActiveCfg = Debug|Any CPU
		{D3D1BCA2-7C0F-4706-96A9-82F425EC8E18}.Debug|Any CPU.Build.0 = Debug|Any CPU
		{D3D1BCA2-7C0F-4706-96A9-82F425EC8E18}.Release|Any CPU.ActiveCfg = Release|Any CPU
		{D3D1BCA2-7C0F-4706-96A9-82F425EC8E18}.Release|Any CPU.Build.0 = Release|Any CPU
		{35DDF4FA-16A8-4A04-B913-5436ACEC4ED4}.Debug|Any CPU.ActiveCfg = Debug|Any CPU
		{35DDF4FA-16A8-4A04-B913-5436ACEC4ED4}.Debug|Any CPU.Build.0 = Debug|Any CPU
		{35DDF4FA-16A8-4A04-B913-5436ACEC4ED4}.Release|Any CPU.ActiveCfg = Release|Any CPU
		{35DDF4FA-16A8-4A04-B913-5436ACEC4ED4}.Release|Any CPU.Build.0 = Release|Any CPU
		{D3687377-79D8-4B0C-9ACC-8FA490C04147}.Debug|Any CPU.ActiveCfg = Debug|Any CPU
		{D3687377-79D8-4B0C-9ACC-8FA490C04147}.Debug|Any CPU.Build.0 = Debug|Any CPU
		{D3687377-79D8-4B0C-9ACC-8FA490C04147}.Release|Any CPU.ActiveCfg = Release|Any CPU
		{D3687377-79D8-4B0C-9ACC-8FA490C04147}.Release|Any CPU.Build.0 = Release|Any CPU
	EndGlobalSection
	GlobalSection(SolutionProperties) = preSolution
		HideSolutionNode = FALSE
	EndGlobalSection
	GlobalSection(ExtensibilityGlobals) = postSolution
		SolutionGuid = {E3DD7175-8442-4574-9C69-9BB02FF846EA}
	EndGlobalSection
EndGlobal
